{
  "name": "new-project",
  "lockfileVersion": 2,
  "requires": true,
  "packages": {
    "": {
      "dependencies": {
        "infinite-marquee": "^1.0.7"
      }
    },
    "node_modules/gsap": {
      "version": "3.11.3",
      "resolved": "https://registry.npmjs.org/gsap/-/gsap-3.11.3.tgz",
      "integrity": "sha512-xc/iIJy+LWiMbRa4IdMtdnnKa/7PXEK6NNzV71gdOYUVeTZN7UWnLU0fB7Hi1iwiz4ZZoYkBZPPYGg+2+zzFHA=="
    },
    "node_modules/infinite-marquee": {
      "version": "1.0.7",
      "resolved": "https://registry.npmjs.org/infinite-marquee/-/infinite-marquee-1.0.7.tgz",
      "integrity": "sha512-HVnAqKnQoRUma8ewZIt3dzWy0uB0hH7FHZQGFNFjLoETf3cDew8SE2/sWSoKf0hp1Rq2xaCE1KhHw3HNy2tVUg==",
      "dependencies": {
        "gsap": "^3.8.0",
        "lodash": "^4.17.21"
      }
    },
    "node_modules/lodash": {
      "version": "4.17.21",
      "resolved": "https://registry.npmjs.org/lodash/-/lodash-4.17.21.tgz",
      "integrity": "sha512-v2kDEe57lecTulaDIuNTPy3Ry4gLGJ6Z1O3vE1krgXZNrsQ+LFTGHVxVjcXPs17LhbZVGedAJv8XZ1tvj5FvSg=="
    }
  },
  "dependencies": {
    "gsap": {
      "version": "3.11.3",
      "resolved": "https://registry.npmjs.org/gsap/-/gsap-3.11.3.tgz",
      "integrity": "sha512-xc/iIJy+LWiMbRa4IdMtdnnKa/7PXEK6NNzV71gdOYUVeTZN7UWnLU0fB7Hi1iwiz4ZZoYkBZPPYGg+2+zzFHA=="
    },
    "infinite-marquee": {
      "version": "1.0.7",
      "resolved": "https://registry.npmjs.org/infinite-marquee/-/infinite-marquee-1.0.7.tgz",
      "integrity": "sha512-HVnAqKnQoRUma8ewZIt3dzWy0uB0hH7FHZQGFNFjLoETf3cDew8SE2/sWSoKf0hp1Rq2xaCE1KhHw3HNy2tVUg==",
      "requires": {
        "gsap": "^3.8.0",
        "lodash": "^4.17.21"
      }
    },
    "lodash": {
      "version": "4.17.21",
      "resolved": "https://registry.npmjs.org/lodash/-/lodash-4.17.21.tgz",
      "integrity": "sha512-v2kDEe57lecTulaDIuNTPy3Ry4gLGJ6Z1O3vE1krgXZNrsQ+LFTGHVxVjcXPs17LhbZVGedAJv8XZ1tvj5FvSg=="
    }
  }
}
